// !$*UTF8*$!
{
	archiveVersion = 1;
	classes = {
	};
	objectVersion = 55;
	objects = {

/* Begin PBXBuildFile section */
		6305044B27EC212500DCC6BF /* AppDelegate.swift in Sources */ = {isa = PBXBuildFile; fileRef = 6305044A27EC212500DCC6BF /* AppDelegate.swift */; };
		6305044D27EC212500DCC6BF /* SceneDelegate.swift in Sources */ = {isa = PBXBuildFile; fileRef = 6305044C27EC212500DCC6BF /* SceneDelegate.swift */; };
		6305044F27EC212500DCC6BF /* SearchTableViewController.swift in Sources */ = {isa = PBXBuildFile; fileRef = 6305044E27EC212500DCC6BF /* SearchTableViewController.swift */; };
		6305045227EC212500DCC6BF /* Main.storyboard in Resources */ = {isa = PBXBuildFile; fileRef = 6305045027EC212500DCC6BF /* Main.storyboard */; };
		6305045427EC212700DCC6BF /* Assets.xcassets in Resources */ = {isa = PBXBuildFile; fileRef = 6305045327EC212700DCC6BF /* Assets.xcassets */; };
		6305045727EC212700DCC6BF /* LaunchScreen.storyboard in Resources */ = {isa = PBXBuildFile; fileRef = 6305045527EC212700DCC6BF /* LaunchScreen.storyboard */; };
		6305046127ECFEF100DCC6BF /* SearchTableViewCell.swift in Sources */ = {isa = PBXBuildFile; fileRef = 6305046027ECFEF100DCC6BF /* SearchTableViewCell.swift */; };
		6305046427ED4D1100DCC6BF /* AVService.swift in Sources */ = {isa = PBXBuildFile; fileRef = 6305046327ED4D1100DCC6BF /* AVService.swift */; };
		6305046727ED4FF500DCC6BF /* SearchResults.swift in Sources */ = {isa = PBXBuildFile; fileRef = 6305046627ED4FF500DCC6BF /* SearchResults.swift */; };
		6305046927EE52F600DCC6BF /* SearchPlaceholderView.swift in Sources */ = {isa = PBXBuildFile; fileRef = 6305046827EE52F600DCC6BF /* SearchPlaceholderView.swift */; };
		6305046C27EE748700DCC6BF /* UIAnimatable.swift in Sources */ = {isa = PBXBuildFile; fileRef = 6305046B27EE748700DCC6BF /* UIAnimatable.swift */; };
		6305046E27EF85C600DCC6BF /* ReadME in Resources */ = {isa = PBXBuildFile; fileRef = 6305046D27EF85C600DCC6BF /* ReadME */; };
		6305047027EF8BCB00DCC6BF /* TimeSeriesMonthlyAdjusted.swift in Sources */ = {isa = PBXBuildFile; fileRef = 6305046F27EF8BCB00DCC6BF /* TimeSeriesMonthlyAdjusted.swift */; };
		6305047227EFB9ED00DCC6BF /* CalculatorTableViewController.swift in Sources */ = {isa = PBXBuildFile; fileRef = 6305047127EFB9ED00DCC6BF /* CalculatorTableViewController.swift */; };
		6305047427EFBB4800DCC6BF /* Asset.swift in Sources */ = {isa = PBXBuildFile; fileRef = 6305047327EFBB4800DCC6BF /* Asset.swift */; };
		6305047727EFC7E500DCC6BF /* String+Extensions.swift in Sources */ = {isa = PBXBuildFile; fileRef = 6305047627EFC7E500DCC6BF /* String+Extensions.swift */; };
		6305047927EFD20A00DCC6BF /* UITextField+Extensions.swift in Sources */ = {isa = PBXBuildFile; fileRef = 6305047827EFD20A00DCC6BF /* UITextField+Extensions.swift */; };
		6305047B27EFE01000DCC6BF /* DateSelectionTableViewController.swift in Sources */ = {isa = PBXBuildFile; fileRef = 6305047A27EFE01000DCC6BF /* DateSelectionTableViewController.swift */; };
		6305047D27EFF05100DCC6BF /* Date+extension.swift in Sources */ = {isa = PBXBuildFile; fileRef = 6305047C27EFF05100DCC6BF /* Date+extension.swift */; };
		6305047F27F1101000DCC6BF /* Int+Extensions.swift in Sources */ = {isa = PBXBuildFile; fileRef = 6305047E27F1101000DCC6BF /* Int+Extensions.swift */; };
		6305048127F1355800DCC6BF /* DCAService.swift in Sources */ = {isa = PBXBuildFile; fileRef = 6305048027F1355800DCC6BF /* DCAService.swift */; };
		6305048327F13A8F00DCC6BF /* Double+Extensions.swift in Sources */ = {isa = PBXBuildFile; fileRef = 6305048227F13A8F00DCC6BF /* Double+Extensions.swift */; };
		6305048527F156B000DCC6BF /* UIColor+Extensions.swift in Sources */ = {isa = PBXBuildFile; fileRef = 6305048427F156B000DCC6BF /* UIColor+Extensions.swift */; };
		7CAE236C42AB0F2081A1A865 /* Pods_DollarCostAvgCalculator.framework in Frameworks */ = {isa = PBXBuildFile; fileRef = 09C1F76AA2B8F1AE76697B2F /* Pods_DollarCostAvgCalculator.framework */; };
/* End PBXBuildFile section */

/* Begin PBXFileReference section */
		09C1F76AA2B8F1AE76697B2F /* Pods_DollarCostAvgCalculator.framework */ = {isa = PBXFileReference; explicitFileType = wrapper.framework; includeInIndex = 0; path = Pods_DollarCostAvgCalculator.framework; sourceTree = BUILT_PRODUCTS_DIR; };
		308ABA6543B25F8617A49439 /* Pods-DollarCostAvgCalculator.release.xcconfig */ = {isa = PBXFileReference; includeInIndex = 1; lastKnownFileType = text.xcconfig; name = "Pods-DollarCostAvgCalculator.release.xcconfig"; path = "Target Support Files/Pods-DollarCostAvgCalculator/Pods-DollarCostAvgCalculator.release.xcconfig"; sourceTree = "<group>"; };
		6305044727EC212500DCC6BF /* DollarCostAvgCalculator.app */ = {isa = PBXFileReference; explicitFileType = wrapper.application; includeInIndex = 0; path = DollarCostAvgCalculator.app; sourceTree = BUILT_PRODUCTS_DIR; };
		6305044A27EC212500DCC6BF /* AppDelegate.swift */ = {isa = PBXFileReference; lastKnownFileType = sourcecode.swift; path = AppDelegate.swift; sourceTree = "<group>"; };
		6305044C27EC212500DCC6BF /* SceneDelegate.swift */ = {isa = PBXFileReference; lastKnownFileType = sourcecode.swift; path = SceneDelegate.swift; sourceTree = "<group>"; };
		6305044E27EC212500DCC6BF /* SearchTableViewController.swift */ = {isa = PBXFileReference; lastKnownFileType = sourcecode.swift; path = SearchTableViewController.swift; sourceTree = "<group>"; };
		6305045127EC212500DCC6BF /* Base */ = {isa = PBXFileReference; lastKnownFileType = file.storyboard; name = Base; path = Base.lproj/Main.storyboard; sourceTree = "<group>"; };
		6305045327EC212700DCC6BF /* Assets.xcassets */ = {isa = PBXFileReference; lastKnownFileType = folder.assetcatalog; path = Assets.xcassets; sourceTree = "<group>"; };
		6305045627EC212700DCC6BF /* Base */ = {isa = PBXFileReference; lastKnownFileType = file.storyboard; name = Base; path = Base.lproj/LaunchScreen.storyboard; sourceTree = "<group>"; };
		6305045827EC212700DCC6BF /* Info.plist */ = {isa = PBXFileReference; lastKnownFileType = text.plist.xml; path = Info.plist; sourceTree = "<group>"; };
		6305046027ECFEF100DCC6BF /* SearchTableViewCell.swift */ = {isa = PBXFileReference; lastKnownFileType = sourcecode.swift; path = SearchTableViewCell.swift; sourceTree = "<group>"; };
		6305046327ED4D1100DCC6BF /* AVService.swift */ = {isa = PBXFileReference; lastKnownFileType = sourcecode.swift; path = AVService.swift; sourceTree = "<group>"; };
		6305046627ED4FF500DCC6BF /* SearchResults.swift */ = {isa = PBXFileReference; lastKnownFileType = sourcecode.swift; path = SearchResults.swift; sourceTree = "<group>"; };
		6305046827EE52F600DCC6BF /* SearchPlaceholderView.swift */ = {isa = PBXFileReference; lastKnownFileType = sourcecode.swift; path = SearchPlaceholderView.swift; sourceTree = "<group>"; };
		6305046B27EE748700DCC6BF /* UIAnimatable.swift */ = {isa = PBXFileReference; lastKnownFileType = sourcecode.swift; path = UIAnimatable.swift; sourceTree = "<group>"; };
		6305046D27EF85C600DCC6BF /* ReadME */ = {isa = PBXFileReference; lastKnownFileType = text; path = ReadME; sourceTree = "<group>"; };
		6305046F27EF8BCB00DCC6BF /* TimeSeriesMonthlyAdjusted.swift */ = {isa = PBXFileReference; lastKnownFileType = sourcecode.swift; path = TimeSeriesMonthlyAdjusted.swift; sourceTree = "<group>"; };
		6305047127EFB9ED00DCC6BF /* CalculatorTableViewController.swift */ = {isa = PBXFileReference; lastKnownFileType = sourcecode.swift; path = CalculatorTableViewController.swift; sourceTree = "<group>"; };
		6305047327EFBB4800DCC6BF /* Asset.swift */ = {isa = PBXFileReference; lastKnownFileType = sourcecode.swift; path = Asset.swift; sourceTree = "<group>"; };
		6305047627EFC7E500DCC6BF /* String+Extensions.swift */ = {isa = PBXFileReference; lastKnownFileType = sourcecode.swift; path = "String+Extensions.swift"; sourceTree = "<group>"; };
		6305047827EFD20A00DCC6BF /* UITextField+Extensions.swift */ = {isa = PBXFileReference; lastKnownFileType = sourcecode.swift; path = "UITextField+Extensions.swift"; sourceTree = "<group>"; };
		6305047A27EFE01000DCC6BF /* DateSelectionTableViewController.swift */ = {isa = PBXFileReference; lastKnownFileType = sourcecode.swift; path = DateSelectionTableViewController.swift; sourceTree = "<group>"; };
		6305047C27EFF05100DCC6BF /* Date+extension.swift */ = {isa = PBXFileReference; lastKnownFileType = sourcecode.swift; path = "Date+extension.swift"; sourceTree = "<group>"; };
		6305047E27F1101000DCC6BF /* Int+Extensions.swift */ = {isa = PBXFileReference; lastKnownFileType = sourcecode.swift; path = "Int+Extensions.swift"; sourceTree = "<group>"; };
		6305048027F1355800DCC6BF /* DCAService.swift */ = {isa = PBXFileReference; lastKnownFileType = sourcecode.swift; path = DCAService.swift; sourceTree = "<group>"; };
		6305048227F13A8F00DCC6BF /* Double+Extensions.swift */ = {isa = PBXFileReference; lastKnownFileType = sourcecode.swift; path = "Double+Extensions.swift"; sourceTree = "<group>"; };
		6305048427F156B000DCC6BF /* UIColor+Extensions.swift */ = {isa = PBXFileReference; lastKnownFileType = sourcecode.swift; path = "UIColor+Extensions.swift"; sourceTree = "<group>"; };
		917F185AD5EC45B90D41A3E9 /* Pods-DollarCostAvgCalculator.debug.xcconfig */ = {isa = PBXFileReference; includeInIndex = 1; lastKnownFileType = text.xcconfig; name = "Pods-DollarCostAvgCalculator.debug.xcconfig"; path = "Target Support Files/Pods-DollarCostAvgCalculator/Pods-DollarCostAvgCalculator.debug.xcconfig"; sourceTree = "<group>"; };
/* End PBXFileReference section */

/* Begin PBXFrameworksBuildPhase section */
		6305044427EC212500DCC6BF /* Frameworks */ = {
			isa = PBXFrameworksBuildPhase;
			buildActionMask = 2147483647;
			files = (
				7CAE236C42AB0F2081A1A865 /* Pods_DollarCostAvgCalculator.framework in Frameworks */,
			);
			runOnlyForDeploymentPostprocessing = 0;
		};
/* End PBXFrameworksBuildPhase section */

/* Begin PBXGroup section */
		6305043E27EC212500DCC6BF = {
			isa = PBXGroup;
			children = (
				6305046D27EF85C600DCC6BF /* ReadME */,
				6305044927EC212500DCC6BF /* DollarCostAvgCalculator */,
				6305044827EC212500DCC6BF /* Products */,
				98D6CCD5FCEC475F53C7A94E /* Pods */,
				8C91547538737A6500FFBBE9 /* Frameworks */,
			);
			sourceTree = "<group>";
		};
		6305044827EC212500DCC6BF /* Products */ = {
			isa = PBXGroup;
			children = (
				6305044727EC212500DCC6BF /* DollarCostAvgCalculator.app */,
			);
			name = Products;
			sourceTree = "<group>";
		};
		6305044927EC212500DCC6BF /* DollarCostAvgCalculator */ = {
			isa = PBXGroup;
			children = (
				6305047527EFC7CD00DCC6BF /* extensions */,
				6305046A27EE745D00DCC6BF /* protoccol */,
				6305046527ED4FE000DCC6BF /* model */,
				6305046227ED4CCD00DCC6BF /* services */,
				6305045F27ECFE7F00DCC6BF /* controllers */,
				6305045E27ECFE6700DCC6BF /* views */,
				6305044A27EC212500DCC6BF /* AppDelegate.swift */,
				6305044C27EC212500DCC6BF /* SceneDelegate.swift */,
				6305045027EC212500DCC6BF /* Main.storyboard */,
				6305045327EC212700DCC6BF /* Assets.xcassets */,
				6305045527EC212700DCC6BF /* LaunchScreen.storyboard */,
				6305045827EC212700DCC6BF /* Info.plist */,
			);
			path = DollarCostAvgCalculator;
			sourceTree = "<group>";
		};
		6305045E27ECFE6700DCC6BF /* views */ = {
			isa = PBXGroup;
			children = (
				6305046027ECFEF100DCC6BF /* SearchTableViewCell.swift */,
				6305046827EE52F600DCC6BF /* SearchPlaceholderView.swift */,
			);
			path = views;
			sourceTree = "<group>";
		};
		6305045F27ECFE7F00DCC6BF /* controllers */ = {
			isa = PBXGroup;
			children = (
				6305044E27EC212500DCC6BF /* SearchTableViewController.swift */,
				6305047127EFB9ED00DCC6BF /* CalculatorTableViewController.swift */,
				6305047A27EFE01000DCC6BF /* DateSelectionTableViewController.swift */,
			);
			path = controllers;
			sourceTree = "<group>";
		};
		6305046227ED4CCD00DCC6BF /* services */ = {
			isa = PBXGroup;
			children = (
				6305046327ED4D1100DCC6BF /* AVService.swift */,
				6305048027F1355800DCC6BF /* DCAService.swift */,
			);
			path = services;
			sourceTree = "<group>";
		};
		6305046527ED4FE000DCC6BF /* model */ = {
			isa = PBXGroup;
			children = (
				6305046627ED4FF500DCC6BF /* SearchResults.swift */,
				6305046F27EF8BCB00DCC6BF /* TimeSeriesMonthlyAdjusted.swift */,
				6305047327EFBB4800DCC6BF /* Asset.swift */,
			);
			path = model;
			sourceTree = "<group>";
		};
		6305046A27EE745D00DCC6BF /* protoccol */ = {
			isa = PBXGroup;
			children = (
				6305046B27EE748700DCC6BF /* UIAnimatable.swift */,
			);
			path = protoccol;
			sourceTree = "<group>";
		};
		6305047527EFC7CD00DCC6BF /* extensions */ = {
			isa = PBXGroup;
			children = (
				6305047627EFC7E500DCC6BF /* String+Extensions.swift */,
				6305047827EFD20A00DCC6BF /* UITextField+Extensions.swift */,
				6305047C27EFF05100DCC6BF /* Date+extension.swift */,
				6305047E27F1101000DCC6BF /* Int+Extensions.swift */,
				6305048227F13A8F00DCC6BF /* Double+Extensions.swift */,
				6305048427F156B000DCC6BF /* UIColor+Extensions.swift */,
			);
			path = extensions;
			sourceTree = "<group>";
		};
		8C91547538737A6500FFBBE9 /* Frameworks */ = {
			isa = PBXGroup;
			children = (
				09C1F76AA2B8F1AE76697B2F /* Pods_DollarCostAvgCalculator.framework */,
			);
			name = Frameworks;
			sourceTree = "<group>";
		};
		98D6CCD5FCEC475F53C7A94E /* Pods */ = {
			isa = PBXGroup;
			children = (
				917F185AD5EC45B90D41A3E9 /* Pods-DollarCostAvgCalculator.debug.xcconfig */,
				308ABA6543B25F8617A49439 /* Pods-DollarCostAvgCalculator.release.xcconfig */,
			);
			path = Pods;
			sourceTree = "<group>";
		};
/* End PBXGroup section */

/* Begin PBXNativeTarget section */
		6305044627EC212500DCC6BF /* DollarCostAvgCalculator */ = {
			isa = PBXNativeTarget;
			buildConfigurationList = 6305045B27EC212700DCC6BF /* Build configuration list for PBXNativeTarget "DollarCostAvgCalculator" */;
			buildPhases = (
				1DCED1BB30A83A7E0C165A11 /* [CP] Check Pods Manifest.lock */,
				6305044327EC212500DCC6BF /* Sources */,
				6305044427EC212500DCC6BF /* Frameworks */,
				6305044527EC212500DCC6BF /* Resources */,
				1B0E13D8BA419D281949732A /* [CP] Embed Pods Frameworks */,
			);
			buildRules = (
			);
			dependencies = (
			);
			name = DollarCostAvgCalculator;
			productName = DollarCostAvgCalculator;
			productReference = 6305044727EC212500DCC6BF /* DollarCostAvgCalculator.app */;
			productType = "com.apple.product-type.application";
		};
/* End PBXNativeTarget section */

/* Begin PBXProject section */
		6305043F27EC212500DCC6BF /* Project object */ = {
			isa = PBXProject;
			attributes = {
				BuildIndependentTargetsInParallel = 1;
				LastSwiftUpdateCheck = 1330;
				LastUpgradeCheck = 1330;
				TargetAttributes = {
					6305044627EC212500DCC6BF = {
						CreatedOnToolsVersion = 13.3;
					};
				};
			};
			buildConfigurationList = 6305044227EC212500DCC6BF /* Build configuration list for PBXProject "DollarCostAvgCalculator" */;
			compatibilityVersion = "Xcode 13.0";
			developmentRegion = en;
			hasScannedForEncodings = 0;
			knownRegions = (
				en,
				Base,
			);
			mainGroup = 6305043E27EC212500DCC6BF;
			productRefGroup = 6305044827EC212500DCC6BF /* Products */;
			projectDirPath = "";
			projectRoot = "";
			targets = (
				6305044627EC212500DCC6BF /* DollarCostAvgCalculator */,
			);
		};
/* End PBXProject section */

/* Begin PBXResourcesBuildPhase section */
		6305044527EC212500DCC6BF /* Resources */ = {
			isa = PBXResourcesBuildPhase;
			buildActionMask = 2147483647;
			files = (
				6305046E27EF85C600DCC6BF /* ReadME in Resources */,
				6305045727EC212700DCC6BF /* LaunchScreen.storyboard in Resources */,
				6305045427EC212700DCC6BF /* Assets.xcassets in Resources */,
				6305045227EC212500DCC6BF /* Main.storyboard in Resources */,
			);
			runOnlyForDeploymentPostprocessing = 0;
		};
/* End PBXResourcesBuildPhase section */

/* Begin PBXShellScriptBuildPhase section */
		1B0E13D8BA419D281949732A /* [CP] Embed Pods Frameworks */ = {
			isa = PBXShellScriptBuildPhase;
			buildActionMask = 2147483647;
			files = (
			);
			inputFileListPaths = (
				"${PODS_ROOT}/Target Support Files/Pods-DollarCostAvgCalculator/Pods-DollarCostAvgCalculator-frameworks-${CONFIGURATION}-input-files.xcfilelist",
			);
			name = "[CP] Embed Pods Frameworks";
			outputFileListPaths = (
				"${PODS_ROOT}/Target Support Files/Pods-DollarCostAvgCalculator/Pods-DollarCostAvgCalculator-frameworks-${CONFIGURATION}-output-files.xcfilelist",
			);
			runOnlyForDeploymentPostprocessing = 0;
			shellPath = /bin/sh;
			shellScript = "\"${PODS_ROOT}/Target Support Files/Pods-DollarCostAvgCalculator/Pods-DollarCostAvgCalculator-frameworks.sh\"\n";
			showEnvVarsInLog = 0;
		};
		1DCED1BB30A83A7E0C165A11 /* [CP] Check Pods Manifest.lock */ = {
			isa = PBXShellScriptBuildPhase;
			buildActionMask = 2147483647;
			files = (
			);
			inputFileListPaths = (
			);
			inputPaths = (
				"${PODS_PODFILE_DIR_PATH}/Podfile.lock",
				"${PODS_ROOT}/Manifest.lock",
			);
			name = "[CP] Check Pods Manifest.lock";
			outputFileListPaths = (
			);
			outputPaths = (
				"$(DERIVED_FILE_DIR)/Pods-DollarCostAvgCalculator-checkManifestLockResult.txt",
			);
			runOnlyForDeploymentPostprocessing = 0;
			shellPath = /bin/sh;
			shellScript = "diff \"${PODS_PODFILE_DIR_PATH}/Podfile.lock\" \"${PODS_ROOT}/Manifest.lock\" > /dev/null\nif [ $? != 0 ] ; then\n    # print error to STDERR\n    echo \"error: The sandbox is not in sync with the Podfile.lock. Run 'pod install' or update your CocoaPods installation.\" >&2\n    exit 1\nfi\n# This output is used by Xcode 'outputs' to avoid re-running this script phase.\necho \"SUCCESS\" > \"${SCRIPT_OUTPUT_FILE_0}\"\n";
			showEnvVarsInLog = 0;
		};
/* End PBXShellScriptBuildPhase section */

/* Begin PBXSourcesBuildPhase section */
		6305044327EC212500DCC6BF /* Sources */ = {
			isa = PBXSourcesBuildPhase;
			buildActionMask = 2147483647;
			files = (
				6305047927EFD20A00DCC6BF /* UITextField+Extensions.swift in Sources */,
				6305044F27EC212500DCC6BF /* SearchTableViewController.swift in Sources */,
				6305046C27EE748700DCC6BF /* UIAnimatable.swift in Sources */,
				6305046127ECFEF100DCC6BF /* SearchTableViewCell.swift in Sources */,
				6305047427EFBB4800DCC6BF /* Asset.swift in Sources */,
				6305047F27F1101000DCC6BF /* Int+Extensions.swift in Sources */,
				6305047727EFC7E500DCC6BF /* String+Extensions.swift in Sources */,
				6305047227EFB9ED00DCC6BF /* CalculatorTableViewController.swift in Sources */,
				6305047D27EFF05100DCC6BF /* Date+extension.swift in Sources */,
				6305047B27EFE01000DCC6BF /* DateSelectionTableViewController.swift in Sources */,
				6305048527F156B000DCC6BF /* UIColor+Extensions.swift in Sources */,
				6305044B27EC212500DCC6BF /* AppDelegate.swift in Sources */,
				6305048127F1355800DCC6BF /* DCAService.swift in Sources */,
				6305048327F13A8F00DCC6BF /* Double+Extensions.swift in Sources */,
				6305044D27EC212500DCC6BF /* SceneDelegate.swift in Sources */,
				6305047027EF8BCB00DCC6BF /* TimeSeriesMonthlyAdjusted.swift in Sources */,
				6305046727ED4FF500DCC6BF /* SearchResults.swift in Sources */,
				6305046427ED4D1100DCC6BF /* AVService.swift in Sources */,
				6305046927EE52F600DCC6BF /* SearchPlaceholderView.swift in Sources */,
			);
			runOnlyForDeploymentPostprocessing = 0;
		};
/* End PBXSourcesBuildPhase section */

/* Begin PBXVariantGroup section */
		6305045027EC212500DCC6BF /* Main.storyboard */ = {
			isa = PBXVariantGroup;
			children = (
				6305045127EC212500DCC6BF /* Base */,
			);
			name = Main.storyboard;
			sourceTree = "<group>";
		};
		6305045527EC212700DCC6BF /* LaunchScreen.storyboard */ = {
			isa = PBXVariantGroup;
			children = (
				6305045627EC212700DCC6BF /* Base */,
			);
			name = LaunchScreen.storyboard;
			sourceTree = "<group>";
		};
/* End PBXVariantGroup section */

/* Begin XCBuildConfiguration section */
		6305045927EC212700DCC6BF /* Debug */ = {
			isa = XCBuildConfiguration;
			buildSettings = {
				ALWAYS_SEARCH_USER_PATHS = NO;
				CLANG_ANALYZER_NONNULL = YES;
				CLANG_ANALYZER_NUMBER_OBJECT_CONVERSION = YES_AGGRESSIVE;
				CLANG_CXX_LANGUAGE_STANDARD = "gnu++17";
				CLANG_ENABLE_MODULES = YES;
				CLANG_ENABLE_OBJC_ARC = YES;
				CLANG_ENABLE_OBJC_WEAK = YES;
				CLANG_WARN_BLOCK_CAPTURE_AUTORELEASING = YES;
				CLANG_WARN_BOOL_CONVERSION = YES;
				CLANG_WARN_COMMA = YES;
				CLANG_WARN_CONSTANT_CONVERSION = YES;
				CLANG_WARN_DEPRECATED_OBJC_IMPLEMENTATIONS = YES;
				CLANG_WARN_DIRECT_OBJC_ISA_USAGE = YES_ERROR;
				CLANG_WARN_DOCUMENTATION_COMMENTS = YES;
				CLANG_WARN_EMPTY_BODY = YES;
				CLANG_WARN_ENUM_CONVERSION = YES;
				CLANG_WARN_INFINITE_RECURSION = YES;
				CLANG_WARN_INT_CONVERSION = YES;
				CLANG_WARN_NON_LITERAL_NULL_CONVERSION = YES;
				CLANG_WARN_OBJC_IMPLICIT_RETAIN_SELF = YES;
				CLANG_WARN_OBJC_LITERAL_CONVERSION = YES;
				CLANG_WARN_OBJC_ROOT_CLASS = YES_ERROR;
				CLANG_WARN_QUOTED_INCLUDE_IN_FRAMEWORK_HEADER = YES;
				CLANG_WARN_RANGE_LOOP_ANALYSIS = YES;
				CLANG_WARN_STRICT_PROTOTYPES = YES;
				CLANG_WARN_SUSPICIOUS_MOVE = YES;
				CLANG_WARN_UNGUARDED_AVAILABILITY = YES_AGGRESSIVE;
				CLANG_WARN_UNREACHABLE_CODE = YES;
				CLANG_WARN__DUPLICATE_METHOD_MATCH = YES;
				COPY_PHASE_STRIP = NO;
				DEBUG_INFORMATION_FORMAT = dwarf;
				ENABLE_STRICT_OBJC_MSGSEND = YES;
				ENABLE_TESTABILITY = YES;
				GCC_C_LANGUAGE_STANDARD = gnu11;
				GCC_DYNAMIC_NO_PIC = NO;
				GCC_NO_COMMON_BLOCKS = YES;
				GCC_OPTIMIZATION_LEVEL = 0;
				GCC_PREPROCESSOR_DEFINITIONS = (
					"DEBUG=1",
					"$(inherited)",
				);
				GCC_WARN_64_TO_32_BIT_CONVERSION = YES;
				GCC_WARN_ABOUT_RETURN_TYPE = YES_ERROR;
				GCC_WARN_UNDECLARED_SELECTOR = YES;
				GCC_WARN_UNINITIALIZED_AUTOS = YES_AGGRESSIVE;
				GCC_WARN_UNUSED_FUNCTION = YES;
				GCC_WARN_UNUSED_VARIABLE = YES;
				IPHONEOS_DEPLOYMENT_TARGET = 15.4;
				MTL_ENABLE_DEBUG_INFO = INCLUDE_SOURCE;
				MTL_FAST_MATH = YES;
				ONLY_ACTIVE_ARCH = YES;
				SDKROOT = iphoneos;
				SWIFT_ACTIVE_COMPILATION_CONDITIONS = DEBUG;
				SWIFT_OPTIMIZATION_LEVEL = "-Onone";
			};
			name = Debug;
		};
		6305045A27EC212700DCC6BF /* Release */ = {
			isa = XCBuildConfiguration;
			buildSettings = {
				ALWAYS_SEARCH_USER_PATHS = NO;
				CLANG_ANALYZER_NONNULL = YES;
				CLANG_ANALYZER_NUMBER_OBJECT_CONVERSION = YES_AGGRESSIVE;
				CLANG_CXX_LANGUAGE_STANDARD = "gnu++17";
				CLANG_ENABLE_MODULES = YES;
				CLANG_ENABLE_OBJC_ARC = YES;
				CLANG_ENABLE_OBJC_WEAK = YES;
				CLANG_WARN_BLOCK_CAPTURE_AUTORELEASING = YES;
				CLANG_WARN_BOOL_CONVERSION = YES;
				CLANG_WARN_COMMA = YES;
				CLANG_WARN_CONSTANT_CONVERSION = YES;
				CLANG_WARN_DEPRECATED_OBJC_IMPLEMENTATIONS = YES;
				CLANG_WARN_DIRECT_OBJC_ISA_USAGE = YES_ERROR;
				CLANG_WARN_DOCUMENTATION_COMMENTS = YES;
				CLANG_WARN_EMPTY_BODY = YES;
				CLANG_WARN_ENUM_CONVERSION = YES;
				CLANG_WARN_INFINITE_RECURSION = YES;
				CLANG_WARN_INT_CONVERSION = YES;
				CLANG_WARN_NON_LITERAL_NULL_CONVERSION = YES;
				CLANG_WARN_OBJC_IMPLICIT_RETAIN_SELF = YES;
				CLANG_WARN_OBJC_LITERAL_CONVERSION = YES;
				CLANG_WARN_OBJC_ROOT_CLASS = YES_ERROR;
				CLANG_WARN_QUOTED_INCLUDE_IN_FRAMEWORK_HEADER = YES;
				CLANG_WARN_RANGE_LOOP_ANALYSIS = YES;
				CLANG_WARN_STRICT_PROTOTYPES = YES;
				CLANG_WARN_SUSPICIOUS_MOVE = YES;
				CLANG_WARN_UNGUARDED_AVAILABILITY = YES_AGGRESSIVE;
				CLANG_WARN_UNREACHABLE_CODE = YES;
				CLANG_WARN__DUPLICATE_METHOD_MATCH = YES;
				COPY_PHASE_STRIP = NO;
				DEBUG_INFORMATION_FORMAT = "dwarf-with-dsym";
				ENABLE_NS_ASSERTIONS = NO;
				ENABLE_STRICT_OBJC_MSGSEND = YES;
				GCC_C_LANGUAGE_STANDARD = gnu11;
				GCC_NO_COMMON_BLOCKS = YES;
				GCC_WARN_64_TO_32_BIT_CONVERSION = YES;
				GCC_WARN_ABOUT_RETURN_TYPE = YES_ERROR;
				GCC_WARN_UNDECLARED_SELECTOR = YES;
				GCC_WARN_UNINITIALIZED_AUTOS = YES_AGGRESSIVE;
				GCC_WARN_UNUSED_FUNCTION = YES;
				GCC_WARN_UNUSED_VARIABLE = YES;
				IPHONEOS_DEPLOYMENT_TARGET = 15.4;
				MTL_ENABLE_DEBUG_INFO = NO;
				MTL_FAST_MATH = YES;
				SDKROOT = iphoneos;
				SWIFT_COMPILATION_MODE = wholemodule;
				SWIFT_OPTIMIZATION_LEVEL = "-O";
				VALIDATE_PRODUCT = YES;
			};
			name = Release;
		};
		6305045C27EC212700DCC6BF /* Debug */ = {
			isa = XCBuildConfiguration;
			baseConfigurationReference = 917F185AD5EC45B90D41A3E9 /* Pods-DollarCostAvgCalculator.debug.xcconfig */;
			buildSettings = {
				ASSETCATALOG_COMPILER_APPICON_NAME = AppIcon;
				ASSETCATALOG_COMPILER_GLOBAL_ACCENT_COLOR_NAME = AccentColor;
				CODE_SIGN_STYLE = Automatic;
				CURRENT_PROJECT_VERSION = 1;
				DEVELOPMENT_TEAM = 99568KA9SE;
				GENERATE_INFOPLIST_FILE = YES;
				INFOPLIST_FILE = DollarCostAvgCalculator/Info.plist;
				INFOPLIST_KEY_UIApplicationSupportsIndirectInputEvents = YES;
				INFOPLIST_KEY_UILaunchStoryboardName = LaunchScreen;
				INFOPLIST_KEY_UIMainStoryboardFile = Main;
				INFOPLIST_KEY_UISupportedInterfaceOrientations_iPad = "UIInterfaceOrientationPortrait UIInterfaceOrientationPortraitUpsideDown UIInterfaceOrientationLandscapeLeft UIInterfaceOrientationLandscapeRight";
				INFOPLIST_KEY_UISupportedInterfaceOrientations_iPhone = "UIInterfaceOrientationPortrait UIInterfaceOrientationLandscapeLeft UIInterfaceOrientationLandscapeRight";
				LD_RUNPATH_SEARCH_PATHS = (
					"$(inherited)",
					"@executable_path/Frameworks",
				);
				MARKETING_VERSION = 1.0;
				PRODUCT_BUNDLE_IDENTIFIER = com.LifeWorksIQ.DollarCostAvgCalculator;
				PRODUCT_NAME = "$(TARGET_NAME)";
				SWIFT_EMIT_LOC_STRINGS = YES;
				SWIFT_VERSION = 5.0;
				TARGETED_DEVICE_FAMILY = "1,2";
			};
			name = Debug;
		};
		6305045D27EC212700DCC6BF /* Release */ = {
			isa = XCBuildConfiguration;
			baseConfigurationReference = 308ABA6543B25F8617A49439 /* Pods-DollarCostAvgCalculator.release.xcconfig */;
			buildSettings = {
				ASSETCATALOG_COMPILER_APPICON_NAME = AppIcon;
				ASSETCATALOG_COMPILER_GLOBAL_ACCENT_COLOR_NAME = AccentColor;
				CODE_SIGN_STYLE = Automatic;
				CURRENT_PROJECT_VERSION = 1;
				DEVELOPMENT_TEAM = 99568KA9SE;
				GENERATE_INFOPLIST_FILE = YES;
				INFOPLIST_FILE = DollarCostAvgCalculator/Info.plist;
				INFOPLIST_KEY_UIApplicationSupportsIndirectInputEvents = YES;
				INFOPLIST_KEY_UILaunchStoryboardName = LaunchScreen;
				INFOPLIST_KEY_UIMainStoryboardFile = Main;
				INFOPLIST_KEY_UISupportedInterfaceOrientations_iPad = "UIInterfaceOrientationPortrait UIInterfaceOrientationPortraitUpsideDown UIInterfaceOrientationLandscapeLeft UIInterfaceOrientationLandscapeRight";
				INFOPLIST_KEY_UISupportedInterfaceOrientations_iPhone = "UIInterfaceOrientationPortrait UIInterfaceOrientationLandscapeLeft UIInterfaceOrientationLandscapeRight";
				LD_RUNPATH_SEARCH_PATHS = (
					"$(inherited)",
					"@executable_path/Frameworks",
				);
				MARKETING_VERSION = 1.0;
				PRODUCT_BUNDLE_IDENTIFIER = com.LifeWorksIQ.DollarCostAvgCalculator;
				PRODUCT_NAME = "$(TARGET_NAME)";
				SWIFT_EMIT_LOC_STRINGS = YES;
				SWIFT_VERSION = 5.0;
				TARGETED_DEVICE_FAMILY = "1,2";
			};
			name = Release;
		};
/* End XCBuildConfiguration section */

/* Begin XCConfigurationList section */
		6305044227EC212500DCC6BF /* Build configuration list for PBXProject "DollarCostAvgCalculator" */ = {
			isa = XCConfigurationList;
			buildConfigurations = (
				6305045927EC212700DCC6BF /* Debug */,
				6305045A27EC212700DCC6BF /* Release */,
			);
			defaultConfigurationIsVisible = 0;
			defaultConfigurationName = Release;
		};
		6305045B27EC212700DCC6BF /* Build configuration list for PBXNativeTarget "DollarCostAvgCalculator" */ = {
			isa = XCConfigurationList;
			buildConfigurations = (
				6305045C27EC212700DCC6BF /* Debug */,
				6305045D27EC212700DCC6BF /* Release */,
			);
			defaultConfigurationIsVisible = 0;
			defaultConfigurationName = Release;
		};
/* End XCConfigurationList section */
	};
	rootObject = 6305043F27EC212500DCC6BF /* Project object */;
}
